// !$*UTF8*$!
{
	archiveVersion = 1;
	classes = {
	};
	objectVersion = 56;
	objects = {

/* Begin PBXBuildFile section */
		9CE26FE82BF27C3A005F2922 /* EssentialFeedEndToEndTests.swift in Sources */ = {isa = PBXBuildFile; fileRef = 9CE26FE72BF27C3A005F2922 /* EssentialFeedEndToEndTests.swift */; };
		9CE26FE92BF27C3A005F2922 /* EssentialDeveloperFeedLoader.framework in Frameworks */ = {isa = PBXBuildFile; fileRef = 9CEEDBFE2BE40D9C001D105E /* EssentialDeveloperFeedLoader.framework */; };
		9CE26FEF2BF285BF005F2922 /* XCTestCase+MemoryLeakTrackingHelper.swift in Sources */ = {isa = PBXBuildFile; fileRef = 9CEEDC2A2BEEBB01001D105E /* XCTestCase+MemoryLeakTrackingHelper.swift */; };
		9CEEDC032BE40D9C001D105E /* EssentialDeveloperFeedLoader.docc in Sources */ = {isa = PBXBuildFile; fileRef = 9CEEDC022BE40D9C001D105E /* EssentialDeveloperFeedLoader.docc */; };
		9CEEDC092BE40D9D001D105E /* EssentialDeveloperFeedLoader.framework in Frameworks */ = {isa = PBXBuildFile; fileRef = 9CEEDBFE2BE40D9C001D105E /* EssentialDeveloperFeedLoader.framework */; };
		9CEEDC0F2BE40D9D001D105E /* EssentialDeveloperFeedLoader.h in Headers */ = {isa = PBXBuildFile; fileRef = 9CEEDC012BE40D9C001D105E /* EssentialDeveloperFeedLoader.h */; settings = {ATTRIBUTES = (Public, ); }; };
		9CEEDC192BE40DB1001D105E /* FeedItem.swift in Sources */ = {isa = PBXBuildFile; fileRef = 9CEEDC182BE40DB1001D105E /* FeedItem.swift */; };
		9CEEDC1B2BE40DF6001D105E /* FeedLoader.swift in Sources */ = {isa = PBXBuildFile; fileRef = 9CEEDC1A2BE40DF6001D105E /* FeedLoader.swift */; };
		9CEEDC1E2BE5136A001D105E /* RemoteFeedLoaderTests.swift in Sources */ = {isa = PBXBuildFile; fileRef = 9CEEDC1D2BE5136A001D105E /* RemoteFeedLoaderTests.swift */; };
		9CEEDC212BE55F60001D105E /* RemoteFeedLoader.swift in Sources */ = {isa = PBXBuildFile; fileRef = 9CEEDC202BE55F60001D105E /* RemoteFeedLoader.swift */; };
		9CEEDC232BEBA8B7001D105E /* HTTPClient.swift in Sources */ = {isa = PBXBuildFile; fileRef = 9CEEDC222BEBA8B7001D105E /* HTTPClient.swift */; };
		9CEEDC252BEBA8ED001D105E /* FeedItemsMapper.swift in Sources */ = {isa = PBXBuildFile; fileRef = 9CEEDC242BEBA8ED001D105E /* FeedItemsMapper.swift */; };
		9CEEDC282BED54B5001D105E /* URLSessionHTTPClientTests.swift in Sources */ = {isa = PBXBuildFile; fileRef = 9CEEDC272BED54B5001D105E /* URLSessionHTTPClientTests.swift */; };
		9CEEDC2B2BEEBB01001D105E /* XCTestCase+MemoryLeakTrackingHelper.swift in Sources */ = {isa = PBXBuildFile; fileRef = 9CEEDC2A2BEEBB01001D105E /* XCTestCase+MemoryLeakTrackingHelper.swift */; };
		9CEEDC2D2BEECC90001D105E /* URLSessionHTTPClient.swift in Sources */ = {isa = PBXBuildFile; fileRef = 9CEEDC2C2BEECC90001D105E /* URLSessionHTTPClient.swift */; };
/* End PBXBuildFile section */

/* Begin PBXContainerItemProxy section */
		9CE26FEA2BF27C3A005F2922 /* PBXContainerItemProxy */ = {
			isa = PBXContainerItemProxy;
			containerPortal = 9CEEDBF52BE40D9C001D105E /* Project object */;
			proxyType = 1;
			remoteGlobalIDString = 9CEEDBFD2BE40D9C001D105E;
			remoteInfo = EssentialDeveloperFeedLoader;
		};
		9CEEDC0A2BE40D9D001D105E /* PBXContainerItemProxy */ = {
			isa = PBXContainerItemProxy;
			containerPortal = 9CEEDBF52BE40D9C001D105E /* Project object */;
			proxyType = 1;
			remoteGlobalIDString = 9CEEDBFD2BE40D9C001D105E;
			remoteInfo = EssentialDeveloperFeedLoader;
		};
/* End PBXContainerItemProxy section */

/* Begin PBXFileReference section */
		9C27F73C2BF28703004B8CF3 /* CI.xctestplan */ = {isa = PBXFileReference; lastKnownFileType = text; path = CI.xctestplan; sourceTree = "<group>"; };
		9CE26FD92BF27BC8005F2922 /* EssentialFeedEndToEndTests.swift */ = {isa = PBXFileReference; lastKnownFileType = sourcecode.swift; path = EssentialFeedEndToEndTests.swift; sourceTree = "<group>"; };
		9CE26FE52BF27C3A005F2922 /* EssentialFeedEndToEndTests.xctest */ = {isa = PBXFileReference; explicitFileType = wrapper.cfbundle; includeInIndex = 0; path = EssentialFeedEndToEndTests.xctest; sourceTree = BUILT_PRODUCTS_DIR; };
		9CE26FE72BF27C3A005F2922 /* EssentialFeedEndToEndTests.swift */ = {isa = PBXFileReference; lastKnownFileType = sourcecode.swift; path = EssentialFeedEndToEndTests.swift; sourceTree = "<group>"; };
		9CEEDBFE2BE40D9C001D105E /* EssentialDeveloperFeedLoader.framework */ = {isa = PBXFileReference; explicitFileType = wrapper.framework; includeInIndex = 0; path = EssentialDeveloperFeedLoader.framework; sourceTree = BUILT_PRODUCTS_DIR; };
		9CEEDC012BE40D9C001D105E /* EssentialDeveloperFeedLoader.h */ = {isa = PBXFileReference; lastKnownFileType = sourcecode.c.h; path = EssentialDeveloperFeedLoader.h; sourceTree = "<group>"; };
		9CEEDC022BE40D9C001D105E /* EssentialDeveloperFeedLoader.docc */ = {isa = PBXFileReference; lastKnownFileType = folder.documentationcatalog; path = EssentialDeveloperFeedLoader.docc; sourceTree = "<group>"; };
		9CEEDC082BE40D9D001D105E /* EssentialDeveloperFeedLoaderTests.xctest */ = {isa = PBXFileReference; explicitFileType = wrapper.cfbundle; includeInIndex = 0; path = EssentialDeveloperFeedLoaderTests.xctest; sourceTree = BUILT_PRODUCTS_DIR; };
		9CEEDC182BE40DB1001D105E /* FeedItem.swift */ = {isa = PBXFileReference; lastKnownFileType = sourcecode.swift; path = FeedItem.swift; sourceTree = "<group>"; };
		9CEEDC1A2BE40DF6001D105E /* FeedLoader.swift */ = {isa = PBXFileReference; lastKnownFileType = sourcecode.swift; path = FeedLoader.swift; sourceTree = "<group>"; };
		9CEEDC1D2BE5136A001D105E /* RemoteFeedLoaderTests.swift */ = {isa = PBXFileReference; lastKnownFileType = sourcecode.swift; path = RemoteFeedLoaderTests.swift; sourceTree = "<group>"; };
		9CEEDC202BE55F60001D105E /* RemoteFeedLoader.swift */ = {isa = PBXFileReference; lastKnownFileType = sourcecode.swift; path = RemoteFeedLoader.swift; sourceTree = "<group>"; };
		9CEEDC222BEBA8B7001D105E /* HTTPClient.swift */ = {isa = PBXFileReference; lastKnownFileType = sourcecode.swift; path = HTTPClient.swift; sourceTree = "<group>"; };
		9CEEDC242BEBA8ED001D105E /* FeedItemsMapper.swift */ = {isa = PBXFileReference; lastKnownFileType = sourcecode.swift; path = FeedItemsMapper.swift; sourceTree = "<group>"; };
		9CEEDC272BED54B5001D105E /* URLSessionHTTPClientTests.swift */ = {isa = PBXFileReference; lastKnownFileType = sourcecode.swift; path = URLSessionHTTPClientTests.swift; sourceTree = "<group>"; };
		9CEEDC2A2BEEBB01001D105E /* XCTestCase+MemoryLeakTrackingHelper.swift */ = {isa = PBXFileReference; lastKnownFileType = sourcecode.swift; path = "XCTestCase+MemoryLeakTrackingHelper.swift"; sourceTree = "<group>"; };
		9CEEDC2C2BEECC90001D105E /* URLSessionHTTPClient.swift */ = {isa = PBXFileReference; lastKnownFileType = sourcecode.swift; path = URLSessionHTTPClient.swift; sourceTree = "<group>"; };
/* End PBXFileReference section */

/* Begin PBXFrameworksBuildPhase section */
		9CE26FE22BF27C3A005F2922 /* Frameworks */ = {
			isa = PBXFrameworksBuildPhase;
			buildActionMask = 2147483647;
			files = (
				9CE26FE92BF27C3A005F2922 /* EssentialDeveloperFeedLoader.framework in Frameworks */,
			);
			runOnlyForDeploymentPostprocessing = 0;
		};
		9CEEDBFB2BE40D9C001D105E /* Frameworks */ = {
			isa = PBXFrameworksBuildPhase;
			buildActionMask = 2147483647;
			files = (
			);
			runOnlyForDeploymentPostprocessing = 0;
		};
		9CEEDC052BE40D9D001D105E /* Frameworks */ = {
			isa = PBXFrameworksBuildPhase;
			buildActionMask = 2147483647;
			files = (
				9CEEDC092BE40D9D001D105E /* EssentialDeveloperFeedLoader.framework in Frameworks */,
			);
			runOnlyForDeploymentPostprocessing = 0;
		};
/* End PBXFrameworksBuildPhase section */

/* Begin PBXGroup section */
		9CE26FD82BF27BC8005F2922 /* EssentialFeedEndToEndTests */ = {
			isa = PBXGroup;
			children = (
				9CE26FD92BF27BC8005F2922 /* EssentialFeedEndToEndTests.swift */,
			);
			path = EssentialFeedEndToEndTests;
			sourceTree = "<group>";
		};
		9CE26FE62BF27C3A005F2922 /* EssentialFeedEndToEndTests */ = {
			isa = PBXGroup;
			children = (
				9CE26FE72BF27C3A005F2922 /* EssentialFeedEndToEndTests.swift */,
			);
			path = EssentialFeedEndToEndTests;
			sourceTree = "<group>";
		};
		9CEEDBF42BE40D9C001D105E = {
			isa = PBXGroup;
			children = (
				9C27F73C2BF28703004B8CF3 /* CI.xctestplan */,
				9CEEDC002BE40D9C001D105E /* EssentialDeveloperFeedLoader */,
				9CEEDC0C2BE40D9D001D105E /* EssentialDeveloperFeedLoaderTests */,
				9CE26FD82BF27BC8005F2922 /* EssentialFeedEndToEndTests */,
				9CE26FE62BF27C3A005F2922 /* EssentialFeedEndToEndTests */,
				9CEEDBFF2BE40D9C001D105E /* Products */,
			);
			sourceTree = "<group>";
		};
		9CEEDBFF2BE40D9C001D105E /* Products */ = {
			isa = PBXGroup;
			children = (
				9CEEDBFE2BE40D9C001D105E /* EssentialDeveloperFeedLoader.framework */,
				9CEEDC082BE40D9D001D105E /* EssentialDeveloperFeedLoaderTests.xctest */,
				9CE26FE52BF27C3A005F2922 /* EssentialFeedEndToEndTests.xctest */,
			);
			name = Products;
			sourceTree = "<group>";
		};
		9CEEDC002BE40D9C001D105E /* EssentialDeveloperFeedLoader */ = {
			isa = PBXGroup;
			children = (
				9CEEDC1C2BE40E8E001D105E /* FeedFeature */,
				9CEEDC1F2BE55F40001D105E /* FeedAPI */,
				9CEEDC012BE40D9C001D105E /* EssentialDeveloperFeedLoader.h */,
				9CEEDC022BE40D9C001D105E /* EssentialDeveloperFeedLoader.docc */,
			);
			path = EssentialDeveloperFeedLoader;
			sourceTree = "<group>";
		};
		9CEEDC0C2BE40D9D001D105E /* EssentialDeveloperFeedLoaderTests */ = {
			isa = PBXGroup;
			children = (
				9CEEDC262BEBAEFA001D105E /* FeedAPI */,
			);
			path = EssentialDeveloperFeedLoaderTests;
			sourceTree = "<group>";
		};
		9CEEDC1C2BE40E8E001D105E /* FeedFeature */ = {
			isa = PBXGroup;
			children = (
				9CEEDC182BE40DB1001D105E /* FeedItem.swift */,
				9CEEDC1A2BE40DF6001D105E /* FeedLoader.swift */,
			);
			path = FeedFeature;
			sourceTree = "<group>";
		};
		9CEEDC1F2BE55F40001D105E /* FeedAPI */ = {
			isa = PBXGroup;
			children = (
				9CEEDC202BE55F60001D105E /* RemoteFeedLoader.swift */,
				9CEEDC242BEBA8ED001D105E /* FeedItemsMapper.swift */,
				9CEEDC222BEBA8B7001D105E /* HTTPClient.swift */,
				9CEEDC2C2BEECC90001D105E /* URLSessionHTTPClient.swift */,
			);
			path = FeedAPI;
			sourceTree = "<group>";
		};
		9CEEDC262BEBAEFA001D105E /* FeedAPI */ = {
			isa = PBXGroup;
			children = (
				9CEEDC292BEEBAE6001D105E /* Helpers */,
				9CEEDC1D2BE5136A001D105E /* RemoteFeedLoaderTests.swift */,
				9CEEDC272BED54B5001D105E /* URLSessionHTTPClientTests.swift */,
			);
			path = FeedAPI;
			sourceTree = "<group>";
		};
		9CEEDC292BEEBAE6001D105E /* Helpers */ = {
			isa = PBXGroup;
			children = (
				9CEEDC2A2BEEBB01001D105E /* XCTestCase+MemoryLeakTrackingHelper.swift */,
			);
			path = Helpers;
			sourceTree = "<group>";
		};
/* End PBXGroup section */

/* Begin PBXHeadersBuildPhase section */
		9CEEDBF92BE40D9C001D105E /* Headers */ = {
			isa = PBXHeadersBuildPhase;
			buildActionMask = 2147483647;
			files = (
				9CEEDC0F2BE40D9D001D105E /* EssentialDeveloperFeedLoader.h in Headers */,
			);
			runOnlyForDeploymentPostprocessing = 0;
		};
/* End PBXHeadersBuildPhase section */

/* Begin PBXNativeTarget section */
		9CE26FE42BF27C3A005F2922 /* EssentialFeedEndToEndTests */ = {
			isa = PBXNativeTarget;
			buildConfigurationList = 9CE26FEC2BF27C3A005F2922 /* Build configuration list for PBXNativeTarget "EssentialFeedEndToEndTests" */;
			buildPhases = (
				9CE26FE12BF27C3A005F2922 /* Sources */,
				9CE26FE22BF27C3A005F2922 /* Frameworks */,
				9CE26FE32BF27C3A005F2922 /* Resources */,
			);
			buildRules = (
			);
			dependencies = (
				9CE26FEB2BF27C3A005F2922 /* PBXTargetDependency */,
			);
			name = EssentialFeedEndToEndTests;
			productName = EssentialFeedEndToEndTests;
			productReference = 9CE26FE52BF27C3A005F2922 /* EssentialFeedEndToEndTests.xctest */;
			productType = "com.apple.product-type.bundle.unit-test";
		};
		9CEEDBFD2BE40D9C001D105E /* EssentialDeveloperFeedLoader */ = {
			isa = PBXNativeTarget;
			buildConfigurationList = 9CEEDC122BE40D9D001D105E /* Build configuration list for PBXNativeTarget "EssentialDeveloperFeedLoader" */;
			buildPhases = (
				9CEEDBF92BE40D9C001D105E /* Headers */,
				9CEEDBFA2BE40D9C001D105E /* Sources */,
				9CEEDBFB2BE40D9C001D105E /* Frameworks */,
				9CEEDBFC2BE40D9C001D105E /* Resources */,
			);
			buildRules = (
			);
			dependencies = (
			);
			name = EssentialDeveloperFeedLoader;
			productName = EssentialDeveloperFeedLoader;
			productReference = 9CEEDBFE2BE40D9C001D105E /* EssentialDeveloperFeedLoader.framework */;
			productType = "com.apple.product-type.framework";
		};
		9CEEDC072BE40D9D001D105E /* EssentialDeveloperFeedLoaderTests */ = {
			isa = PBXNativeTarget;
			buildConfigurationList = 9CEEDC152BE40D9D001D105E /* Build configuration list for PBXNativeTarget "EssentialDeveloperFeedLoaderTests" */;
			buildPhases = (
				9CEEDC042BE40D9D001D105E /* Sources */,
				9CEEDC052BE40D9D001D105E /* Frameworks */,
				9CEEDC062BE40D9D001D105E /* Resources */,
			);
			buildRules = (
			);
			dependencies = (
				9CEEDC0B2BE40D9D001D105E /* PBXTargetDependency */,
			);
			name = EssentialDeveloperFeedLoaderTests;
			productName = EssentialDeveloperFeedLoaderTests;
			productReference = 9CEEDC082BE40D9D001D105E /* EssentialDeveloperFeedLoaderTests.xctest */;
			productType = "com.apple.product-type.bundle.unit-test";
		};
/* End PBXNativeTarget section */

/* Begin PBXProject section */
		9CEEDBF52BE40D9C001D105E /* Project object */ = {
			isa = PBXProject;
			attributes = {
				BuildIndependentTargetsInParallel = 1;
				LastSwiftUpdateCheck = 1530;
				LastUpgradeCheck = 1530;
				TargetAttributes = {
					9CE26FE42BF27C3A005F2922 = {
						CreatedOnToolsVersion = 15.3;
					};
					9CEEDBFD2BE40D9C001D105E = {
						CreatedOnToolsVersion = 15.3;
					};
					9CEEDC072BE40D9D001D105E = {
						CreatedOnToolsVersion = 15.3;
					};
				};
			};
			buildConfigurationList = 9CEEDBF82BE40D9C001D105E /* Build configuration list for PBXProject "EssentialDeveloperFeedLoader" */;
			compatibilityVersion = "Xcode 14.0";
			developmentRegion = en;
			hasScannedForEncodings = 0;
			knownRegions = (
				en,
				Base,
			);
			mainGroup = 9CEEDBF42BE40D9C001D105E;
			productRefGroup = 9CEEDBFF2BE40D9C001D105E /* Products */;
			projectDirPath = "";
			projectRoot = "";
			targets = (
				9CEEDBFD2BE40D9C001D105E /* EssentialDeveloperFeedLoader */,
				9CEEDC072BE40D9D001D105E /* EssentialDeveloperFeedLoaderTests */,
				9CE26FE42BF27C3A005F2922 /* EssentialFeedEndToEndTests */,
			);
		};
/* End PBXProject section */

/* Begin PBXResourcesBuildPhase section */
		9CE26FE32BF27C3A005F2922 /* Resources */ = {
			isa = PBXResourcesBuildPhase;
			buildActionMask = 2147483647;
			files = (
			);
			runOnlyForDeploymentPostprocessing = 0;
		};
		9CEEDBFC2BE40D9C001D105E /* Resources */ = {
			isa = PBXResourcesBuildPhase;
			buildActionMask = 2147483647;
			files = (
			);
			runOnlyForDeploymentPostprocessing = 0;
		};
		9CEEDC062BE40D9D001D105E /* Resources */ = {
			isa = PBXResourcesBuildPhase;
			buildActionMask = 2147483647;
			files = (
			);
			runOnlyForDeploymentPostprocessing = 0;
		};
/* End PBXResourcesBuildPhase section */

/* Begin PBXSourcesBuildPhase section */
		9CE26FE12BF27C3A005F2922 /* Sources */ = {
			isa = PBXSourcesBuildPhase;
			buildActionMask = 2147483647;
			files = (
				9CE26FE82BF27C3A005F2922 /* EssentialFeedEndToEndTests.swift in Sources */,
				9CE26FEF2BF285BF005F2922 /* XCTestCase+MemoryLeakTrackingHelper.swift in Sources */,
			);
			runOnlyForDeploymentPostprocessing = 0;
		};
		9CEEDBFA2BE40D9C001D105E /* Sources */ = {
			isa = PBXSourcesBuildPhase;
			buildActionMask = 2147483647;
			files = (
				9CEEDC2D2BEECC90001D105E /* URLSessionHTTPClient.swift in Sources */,
				9CEEDC212BE55F60001D105E /* RemoteFeedLoader.swift in Sources */,
				9CEEDC232BEBA8B7001D105E /* HTTPClient.swift in Sources */,
				9CEEDC1B2BE40DF6001D105E /* FeedLoader.swift in Sources */,
				9CEEDC252BEBA8ED001D105E /* FeedItemsMapper.swift in Sources */,
				9CEEDC192BE40DB1001D105E /* FeedItem.swift in Sources */,
				9CEEDC032BE40D9C001D105E /* EssentialDeveloperFeedLoader.docc in Sources */,
			);
			runOnlyForDeploymentPostprocessing = 0;
		};
		9CEEDC042BE40D9D001D105E /* Sources */ = {
			isa = PBXSourcesBuildPhase;
			buildActionMask = 2147483647;
			files = (
				9CEEDC1E2BE5136A001D105E /* RemoteFeedLoaderTests.swift in Sources */,
				9CEEDC2B2BEEBB01001D105E /* XCTestCase+MemoryLeakTrackingHelper.swift in Sources */,
				9CEEDC282BED54B5001D105E /* URLSessionHTTPClientTests.swift in Sources */,
			);
			runOnlyForDeploymentPostprocessing = 0;
		};
/* End PBXSourcesBuildPhase section */

/* Begin PBXTargetDependency section */
		9CE26FEB2BF27C3A005F2922 /* PBXTargetDependency */ = {
			isa = PBXTargetDependency;
			target = 9CEEDBFD2BE40D9C001D105E /* EssentialDeveloperFeedLoader */;
			targetProxy = 9CE26FEA2BF27C3A005F2922 /* PBXContainerItemProxy */;
		};
		9CEEDC0B2BE40D9D001D105E /* PBXTargetDependency */ = {
			isa = PBXTargetDependency;
			target = 9CEEDBFD2BE40D9C001D105E /* EssentialDeveloperFeedLoader */;
			targetProxy = 9CEEDC0A2BE40D9D001D105E /* PBXContainerItemProxy */;
		};
/* End PBXTargetDependency section */

/* Begin XCBuildConfiguration section */
		9CE26FED2BF27C3A005F2922 /* Debug */ = {
			isa = XCBuildConfiguration;
			buildSettings = {
				CODE_SIGN_STYLE = Automatic;
				CURRENT_PROJECT_VERSION = 1;
				DEVELOPMENT_TEAM = 5A8822F6XB;
				GENERATE_INFOPLIST_FILE = YES;
				MARKETING_VERSION = 1.0;
				PRODUCT_BUNDLE_IDENTIFIER = com.vitor.pires.EssentialFeedEndToEndTests;
				PRODUCT_NAME = "$(TARGET_NAME)";
				SWIFT_EMIT_LOC_STRINGS = NO;
				SWIFT_VERSION = 5.0;
				TARGETED_DEVICE_FAMILY = "1,2";
			};
			name = Debug;
		};
		9CE26FEE2BF27C3A005F2922 /* Release */ = {
			isa = XCBuildConfiguration;
			buildSettings = {
				CODE_SIGN_STYLE = Automatic;
				CURRENT_PROJECT_VERSION = 1;
				DEVELOPMENT_TEAM = 5A8822F6XB;
				GENERATE_INFOPLIST_FILE = YES;
				MARKETING_VERSION = 1.0;
				PRODUCT_BUNDLE_IDENTIFIER = com.vitor.pires.EssentialFeedEndToEndTests;
				PRODUCT_NAME = "$(TARGET_NAME)";
				SWIFT_EMIT_LOC_STRINGS = NO;
				SWIFT_VERSION = 5.0;
				TARGETED_DEVICE_FAMILY = "1,2";
			};
			name = Release;
		};
		9CEEDC102BE40D9D001D105E /* Debug */ = {
			isa = XCBuildConfiguration;
			buildSettings = {
				ALWAYS_SEARCH_USER_PATHS = NO;
				ASSETCATALOG_COMPILER_GENERATE_SWIFT_ASSET_SYMBOL_EXTENSIONS = YES;
				CLANG_ANALYZER_NONNULL = YES;
				CLANG_ANALYZER_NUMBER_OBJECT_CONVERSION = YES_AGGRESSIVE;
				CLANG_CXX_LANGUAGE_STANDARD = "gnu++20";
				CLANG_ENABLE_MODULES = YES;
				CLANG_ENABLE_OBJC_ARC = YES;
				CLANG_ENABLE_OBJC_WEAK = YES;
				CLANG_WARN_BLOCK_CAPTURE_AUTORELEASING = YES;
				CLANG_WARN_BOOL_CONVERSION = YES;
				CLANG_WARN_COMMA = YES;
				CLANG_WARN_CONSTANT_CONVERSION = YES;
				CLANG_WARN_DEPRECATED_OBJC_IMPLEMENTATIONS = YES;
				CLANG_WARN_DIRECT_OBJC_ISA_USAGE = YES_ERROR;
				CLANG_WARN_DOCUMENTATION_COMMENTS = YES;
				CLANG_WARN_EMPTY_BODY = YES;
				CLANG_WARN_ENUM_CONVERSION = YES;
				CLANG_WARN_INFINITE_RECURSION = YES;
				CLANG_WARN_INT_CONVERSION = YES;
				CLANG_WARN_NON_LITERAL_NULL_CONVERSION = YES;
				CLANG_WARN_OBJC_IMPLICIT_RETAIN_SELF = YES;
				CLANG_WARN_OBJC_LITERAL_CONVERSION = YES;
				CLANG_WARN_OBJC_ROOT_CLASS = YES_ERROR;
				CLANG_WARN_QUOTED_INCLUDE_IN_FRAMEWORK_HEADER = YES;
				CLANG_WARN_RANGE_LOOP_ANALYSIS = YES;
				CLANG_WARN_STRICT_PROTOTYPES = YES;
				CLANG_WARN_SUSPICIOUS_MOVE = YES;
				CLANG_WARN_UNGUARDED_AVAILABILITY = YES_AGGRESSIVE;
				CLANG_WARN_UNREACHABLE_CODE = YES;
				CLANG_WARN__DUPLICATE_METHOD_MATCH = YES;
				COPY_PHASE_STRIP = NO;
				CURRENT_PROJECT_VERSION = 1;
				DEBUG_INFORMATION_FORMAT = dwarf;
				ENABLE_STRICT_OBJC_MSGSEND = YES;
				ENABLE_TESTABILITY = YES;
				ENABLE_USER_SCRIPT_SANDBOXING = YES;
				GCC_C_LANGUAGE_STANDARD = gnu17;
				GCC_DYNAMIC_NO_PIC = NO;
				GCC_NO_COMMON_BLOCKS = YES;
				GCC_OPTIMIZATION_LEVEL = 0;
				GCC_PREPROCESSOR_DEFINITIONS = (
					"DEBUG=1",
					"$(inherited)",
				);
				GCC_WARN_64_TO_32_BIT_CONVERSION = YES;
				GCC_WARN_ABOUT_RETURN_TYPE = YES_ERROR;
				GCC_WARN_UNDECLARED_SELECTOR = YES;
				GCC_WARN_UNINITIALIZED_AUTOS = YES_AGGRESSIVE;
				GCC_WARN_UNUSED_FUNCTION = YES;
				GCC_WARN_UNUSED_VARIABLE = YES;
				IPHONEOS_DEPLOYMENT_TARGET = 17.4;
				LOCALIZATION_PREFERS_STRING_CATALOGS = YES;
				MTL_ENABLE_DEBUG_INFO = INCLUDE_SOURCE;
				MTL_FAST_MATH = YES;
				ONLY_ACTIVE_ARCH = YES;
				SDKROOT = iphoneos;
				SWIFT_ACTIVE_COMPILATION_CONDITIONS = "DEBUG $(inherited)";
				SWIFT_OPTIMIZATION_LEVEL = "-Onone";
				VERSIONING_SYSTEM = "apple-generic";
				VERSION_INFO_PREFIX = "";
			};
			name = Debug;
		};
		9CEEDC112BE40D9D001D105E /* Release */ = {
			isa = XCBuildConfiguration;
			buildSettings = {
				ALWAYS_SEARCH_USER_PATHS = NO;
				ASSETCATALOG_COMPILER_GENERATE_SWIFT_ASSET_SYMBOL_EXTENSIONS = YES;
				CLANG_ANALYZER_NONNULL = YES;
				CLANG_ANALYZER_NUMBER_OBJECT_CONVERSION = YES_AGGRESSIVE;
				CLANG_CXX_LANGUAGE_STANDARD = "gnu++20";
				CLANG_ENABLE_MODULES = YES;
				CLANG_ENABLE_OBJC_ARC = YES;
				CLANG_ENABLE_OBJC_WEAK = YES;
				CLANG_WARN_BLOCK_CAPTURE_AUTORELEASING = YES;
				CLANG_WARN_BOOL_CONVERSION = YES;
				CLANG_WARN_COMMA = YES;
				CLANG_WARN_CONSTANT_CONVERSION = YES;
				CLANG_WARN_DEPRECATED_OBJC_IMPLEMENTATIONS = YES;
				CLANG_WARN_DIRECT_OBJC_ISA_USAGE = YES_ERROR;
				CLANG_WARN_DOCUMENTATION_COMMENTS = YES;
				CLANG_WARN_EMPTY_BODY = YES;
				CLANG_WARN_ENUM_CONVERSION = YES;
				CLANG_WARN_INFINITE_RECURSION = YES;
				CLANG_WARN_INT_CONVERSION = YES;
				CLANG_WARN_NON_LITERAL_NULL_CONVERSION = YES;
				CLANG_WARN_OBJC_IMPLICIT_RETAIN_SELF = YES;
				CLANG_WARN_OBJC_LITERAL_CONVERSION = YES;
				CLANG_WARN_OBJC_ROOT_CLASS = YES_ERROR;
				CLANG_WARN_QUOTED_INCLUDE_IN_FRAMEWORK_HEADER = YES;
				CLANG_WARN_RANGE_LOOP_ANALYSIS = YES;
				CLANG_WARN_STRICT_PROTOTYPES = YES;
				CLANG_WARN_SUSPICIOUS_MOVE = YES;
				CLANG_WARN_UNGUARDED_AVAILABILITY = YES_AGGRESSIVE;
				CLANG_WARN_UNREACHABLE_CODE = YES;
				CLANG_WARN__DUPLICATE_METHOD_MATCH = YES;
				COPY_PHASE_STRIP = NO;
				CURRENT_PROJECT_VERSION = 1;
				DEBUG_INFORMATION_FORMAT = "dwarf-with-dsym";
				ENABLE_NS_ASSERTIONS = NO;
				ENABLE_STRICT_OBJC_MSGSEND = YES;
				ENABLE_USER_SCRIPT_SANDBOXING = YES;
				GCC_C_LANGUAGE_STANDARD = gnu17;
				GCC_NO_COMMON_BLOCKS = YES;
				GCC_WARN_64_TO_32_BIT_CONVERSION = YES;
				GCC_WARN_ABOUT_RETURN_TYPE = YES_ERROR;
				GCC_WARN_UNDECLARED_SELECTOR = YES;
				GCC_WARN_UNINITIALIZED_AUTOS = YES_AGGRESSIVE;
				GCC_WARN_UNUSED_FUNCTION = YES;
				GCC_WARN_UNUSED_VARIABLE = YES;
				IPHONEOS_DEPLOYMENT_TARGET = 17.4;
				LOCALIZATION_PREFERS_STRING_CATALOGS = YES;
				MTL_ENABLE_DEBUG_INFO = NO;
				MTL_FAST_MATH = YES;
				SDKROOT = iphoneos;
				SWIFT_COMPILATION_MODE = wholemodule;
				VALIDATE_PRODUCT = YES;
				VERSIONING_SYSTEM = "apple-generic";
				VERSION_INFO_PREFIX = "";
			};
			name = Release;
		};
		9CEEDC132BE40D9D001D105E /* Debug */ = {
			isa = XCBuildConfiguration;
			buildSettings = {
				BUILD_LIBRARY_FOR_DISTRIBUTION = YES;
				CODE_SIGN_STYLE = Automatic;
				CURRENT_PROJECT_VERSION = 1;
				DEFINES_MODULE = YES;
				DEVELOPMENT_TEAM = 5A8822F6XB;
				DYLIB_COMPATIBILITY_VERSION = 1;
				DYLIB_CURRENT_VERSION = 1;
				DYLIB_INSTALL_NAME_BASE = "@rpath";
				ENABLE_MODULE_VERIFIER = YES;
				GENERATE_INFOPLIST_FILE = YES;
				INFOPLIST_KEY_NSHumanReadableCopyright = "";
				INSTALL_PATH = "$(LOCAL_LIBRARY_DIR)/Frameworks";
				LD_RUNPATH_SEARCH_PATHS = (
					"$(inherited)",
					"@executable_path/Frameworks",
					"@loader_path/Frameworks",
				);
				MARKETING_VERSION = 1.0;
				MODULE_VERIFIER_SUPPORTED_LANGUAGES = "objective-c objective-c++";
				MODULE_VERIFIER_SUPPORTED_LANGUAGE_STANDARDS = "gnu17 gnu++20";
				PRODUCT_BUNDLE_IDENTIFIER = com.vitor.pires.EssentialDeveloperFeedLoader;
				PRODUCT_NAME = "$(TARGET_NAME:c99extidentifier)";
				SKIP_INSTALL = YES;
				SWIFT_EMIT_LOC_STRINGS = YES;
				SWIFT_INSTALL_OBJC_HEADER = NO;
				SWIFT_VERSION = 5.0;
				TARGETED_DEVICE_FAMILY = "1,2";
			};
			name = Debug;
		};
		9CEEDC142BE40D9D001D105E /* Release */ = {
			isa = XCBuildConfiguration;
			buildSettings = {
				BUILD_LIBRARY_FOR_DISTRIBUTION = YES;
				CODE_SIGN_STYLE = Automatic;
				CURRENT_PROJECT_VERSION = 1;
				DEFINES_MODULE = YES;
				DEVELOPMENT_TEAM = 5A8822F6XB;
				DYLIB_COMPATIBILITY_VERSION = 1;
				DYLIB_CURRENT_VERSION = 1;
				DYLIB_INSTALL_NAME_BASE = "@rpath";
				ENABLE_MODULE_VERIFIER = YES;
				GENERATE_INFOPLIST_FILE = YES;
				INFOPLIST_KEY_NSHumanReadableCopyright = "";
				INSTALL_PATH = "$(LOCAL_LIBRARY_DIR)/Frameworks";
				LD_RUNPATH_SEARCH_PATHS = (
					"$(inherited)",
					"@executable_path/Frameworks",
					"@loader_path/Frameworks",
				);
				MARKETING_VERSION = 1.0;
				MODULE_VERIFIER_SUPPORTED_LANGUAGES = "objective-c objective-c++";
				MODULE_VERIFIER_SUPPORTED_LANGUAGE_STANDARDS = "gnu17 gnu++20";
				PRODUCT_BUNDLE_IDENTIFIER = com.vitor.pires.EssentialDeveloperFeedLoader;
				PRODUCT_NAME = "$(TARGET_NAME:c99extidentifier)";
				SKIP_INSTALL = YES;
				SWIFT_EMIT_LOC_STRINGS = YES;
				SWIFT_INSTALL_OBJC_HEADER = NO;
				SWIFT_VERSION = 5.0;
				TARGETED_DEVICE_FAMILY = "1,2";
			};
			name = Release;
		};
		9CEEDC162BE40D9D001D105E /* Debug */ = {
			isa = XCBuildConfiguration;
			buildSettings = {
				ALWAYS_EMBED_SWIFT_STANDARD_LIBRARIES = YES;
				CODE_SIGN_STYLE = Automatic;
				CURRENT_PROJECT_VERSION = 1;
				DEVELOPMENT_TEAM = 5A8822F6XB;
				GENERATE_INFOPLIST_FILE = YES;
				MARKETING_VERSION = 1.0;
				PRODUCT_BUNDLE_IDENTIFIER = com.vitor.pires.EssentialDeveloperFeedLoaderTests;
				PRODUCT_NAME = "$(TARGET_NAME)";
				SWIFT_EMIT_LOC_STRINGS = NO;
				SWIFT_VERSION = 5.0;
				TARGETED_DEVICE_FAMILY = "1,2";
			};
			name = Debug;
		};
		9CEEDC172BE40D9D001D105E /* Release */ = {
			isa = XCBuildConfiguration;
			buildSettings = {
				ALWAYS_EMBED_SWIFT_STANDARD_LIBRARIES = YES;
				CODE_SIGN_STYLE = Automatic;
				CURRENT_PROJECT_VERSION = 1;
				DEVELOPMENT_TEAM = 5A8822F6XB;
				GENERATE_INFOPLIST_FILE = YES;
				MARKETING_VERSION = 1.0;
				PRODUCT_BUNDLE_IDENTIFIER = com.vitor.pires.EssentialDeveloperFeedLoaderTests;
				PRODUCT_NAME = "$(TARGET_NAME)";
				SWIFT_EMIT_LOC_STRINGS = NO;
				SWIFT_VERSION = 5.0;
				TARGETED_DEVICE_FAMILY = "1,2";
			};
			name = Release;
		};
/* End XCBuildConfiguration section */

/* Begin XCConfigurationList section */
		9CE26FEC2BF27C3A005F2922 /* Build configuration list for PBXNativeTarget "EssentialFeedEndToEndTests" */ = {
			isa = XCConfigurationList;
			buildConfigurations = (
				9CE26FED2BF27C3A005F2922 /* Debug */,
				9CE26FEE2BF27C3A005F2922 /* Release */,
			);
			defaultConfigurationIsVisible = 0;
			defaultConfigurationName = Release;
		};
		9CEEDBF82BE40D9C001D105E /* Build configuration list for PBXProject "EssentialDeveloperFeedLoader" */ = {
			isa = XCConfigurationList;
			buildConfigurations = (
				9CEEDC102BE40D9D001D105E /* Debug */,
				9CEEDC112BE40D9D001D105E /* Release */,
			);
			defaultConfigurationIsVisible = 0;
			defaultConfigurationName = Release;
		};
		9CEEDC122BE40D9D001D105E /* Build configuration list for PBXNativeTarget "EssentialDeveloperFeedLoader" */ = {
			isa = XCConfigurationList;
			buildConfigurations = (
				9CEEDC132BE40D9D001D105E /* Debug */,
				9CEEDC142BE40D9D001D105E /* Release */,
			);
			defaultConfigurationIsVisible = 0;
			defaultConfigurationName = Release;
		};
		9CEEDC152BE40D9D001D105E /* Build configuration list for PBXNativeTarget "EssentialDeveloperFeedLoaderTests" */ = {
			isa = XCConfigurationList;
			buildConfigurations = (
				9CEEDC162BE40D9D001D105E /* Debug */,
				9CEEDC172BE40D9D001D105E /* Release */,
			);
			defaultConfigurationIsVisible = 0;
			defaultConfigurationName = Release;
		};
/* End XCConfigurationList section */
	};
	rootObject = 9CEEDBF52BE40D9C001D105E /* Project object */;
}
